// !$*UTF8*$!
{
	archiveVersion = 1;
	classes = {
	};
	objectVersion = 55;
	objects = {

/* Begin PBXBuildFile section */
		54CFBCF837F111E3B9512A73 /* Pods_ChatAppTests.framework in Frameworks */ = {isa = PBXBuildFile; fileRef = 8EABE3DC4375CA0C99B5F55A /* Pods_ChatAppTests.framework */; };
		76A66F0B281698C000712ED5 /* AppDelegate.swift in Sources */ = {isa = PBXBuildFile; fileRef = 76A66F0A281698C000712ED5 /* AppDelegate.swift */; };
		76A66F0D281698C000712ED5 /* SceneDelegate.swift in Sources */ = {isa = PBXBuildFile; fileRef = 76A66F0C281698C000712ED5 /* SceneDelegate.swift */; };
		76A66F0F281698C000712ED5 /* ConversationsViewController.swift in Sources */ = {isa = PBXBuildFile; fileRef = 76A66F0E281698C000712ED5 /* ConversationsViewController.swift */; };
		76A66F12281698C000712ED5 /* Main.storyboard in Resources */ = {isa = PBXBuildFile; fileRef = 76A66F10281698C000712ED5 /* Main.storyboard */; };
		76A66F14281698C100712ED5 /* Assets.xcassets in Resources */ = {isa = PBXBuildFile; fileRef = 76A66F13281698C100712ED5 /* Assets.xcassets */; };
		76A66F17281698C100712ED5 /* LaunchScreen.storyboard in Resources */ = {isa = PBXBuildFile; fileRef = 76A66F15281698C100712ED5 /* LaunchScreen.storyboard */; };
		76A66F22281698C200712ED5 /* ChatAppTests.swift in Sources */ = {isa = PBXBuildFile; fileRef = 76A66F21281698C200712ED5 /* ChatAppTests.swift */; };
		76A66F2C281698C200712ED5 /* ChatAppUITests.swift in Sources */ = {isa = PBXBuildFile; fileRef = 76A66F2B281698C200712ED5 /* ChatAppUITests.swift */; };
		76A66F2E281698C200712ED5 /* ChatAppUITestsLaunchTests.swift in Sources */ = {isa = PBXBuildFile; fileRef = 76A66F2D281698C200712ED5 /* ChatAppUITestsLaunchTests.swift */; };
		76A66F4128169F6700712ED5 /* LoginViewController.swift in Sources */ = {isa = PBXBuildFile; fileRef = 76A66F4028169F6700712ED5 /* LoginViewController.swift */; };
		76A66F4328169F8000712ED5 /* RegisterViewController.swift in Sources */ = {isa = PBXBuildFile; fileRef = 76A66F4228169F8000712ED5 /* RegisterViewController.swift */; };
		76A66F4528169FA000712ED5 /* PhotoViewerViewController.swift in Sources */ = {isa = PBXBuildFile; fileRef = 76A66F4428169FA000712ED5 /* PhotoViewerViewController.swift */; };
		76A66F4728169FAB00712ED5 /* VideoPlayerViewController.swift in Sources */ = {isa = PBXBuildFile; fileRef = 76A66F4628169FAB00712ED5 /* VideoPlayerViewController.swift */; };
		76A66F4928169FD200712ED5 /* NewConversationViewController.swift in Sources */ = {isa = PBXBuildFile; fileRef = 76A66F4828169FD200712ED5 /* NewConversationViewController.swift */; };
		76A66F4B28169FF100712ED5 /* ProfileViewController.swift in Sources */ = {isa = PBXBuildFile; fileRef = 76A66F4A28169FF100712ED5 /* ProfileViewController.swift */; };
		76A66F4E2816AACB00712ED5 /* Extensions.swift in Sources */ = {isa = PBXBuildFile; fileRef = 76A66F4D2816AACB00712ED5 /* Extensions.swift */; };
		76A66F502816F13E00712ED5 /* GoogleService-Info.plist in Resources */ = {isa = PBXBuildFile; fileRef = 76A66F4F2816F13E00712ED5 /* GoogleService-Info.plist */; };
		79C5226624FF9B26413E2BF5 /* Pods_ChatApp.framework in Frameworks */ = {isa = PBXBuildFile; fileRef = 6D9B62668D878700C0B6AC3C /* Pods_ChatApp.framework */; };
		D2A68B475EE6C7560AE00F30 /* Pods_ChatApp_ChatAppUITests.framework in Frameworks */ = {isa = PBXBuildFile; fileRef = E664D283B1D7E66897DBB2D5 /* Pods_ChatApp_ChatAppUITests.framework */; };
/* End PBXBuildFile section */

/* Begin PBXContainerItemProxy section */
		76A66F1E281698C200712ED5 /* PBXContainerItemProxy */ = {
			isa = PBXContainerItemProxy;
			containerPortal = 76A66EFF281698C000712ED5 /* Project object */;
			proxyType = 1;
			remoteGlobalIDString = 76A66F06281698C000712ED5;
			remoteInfo = ChatApp;
		};
		76A66F28281698C200712ED5 /* PBXContainerItemProxy */ = {
			isa = PBXContainerItemProxy;
			containerPortal = 76A66EFF281698C000712ED5 /* Project object */;
			proxyType = 1;
			remoteGlobalIDString = 76A66F06281698C000712ED5;
			remoteInfo = ChatApp;
		};
/* End PBXContainerItemProxy section */

/* Begin PBXFileReference section */
		6D9B62668D878700C0B6AC3C /* Pods_ChatApp.framework */ = {isa = PBXFileReference; explicitFileType = wrapper.framework; includeInIndex = 0; path = Pods_ChatApp.framework; sourceTree = BUILT_PRODUCTS_DIR; };
		750DFC323EA476CACE51B66D /* Pods-ChatAppTests.release.xcconfig */ = {isa = PBXFileReference; includeInIndex = 1; lastKnownFileType = text.xcconfig; name = "Pods-ChatAppTests.release.xcconfig"; path = "Target Support Files/Pods-ChatAppTests/Pods-ChatAppTests.release.xcconfig"; sourceTree = "<group>"; };
		753884A730DC96664D16D042 /* Pods-ChatApp.debug.xcconfig */ = {isa = PBXFileReference; includeInIndex = 1; lastKnownFileType = text.xcconfig; name = "Pods-ChatApp.debug.xcconfig"; path = "Target Support Files/Pods-ChatApp/Pods-ChatApp.debug.xcconfig"; sourceTree = "<group>"; };
		76A66F07281698C000712ED5 /* ChatApp.app */ = {isa = PBXFileReference; explicitFileType = wrapper.application; includeInIndex = 0; path = ChatApp.app; sourceTree = BUILT_PRODUCTS_DIR; };
		76A66F0A281698C000712ED5 /* AppDelegate.swift */ = {isa = PBXFileReference; lastKnownFileType = sourcecode.swift; path = AppDelegate.swift; sourceTree = "<group>"; };
		76A66F0C281698C000712ED5 /* SceneDelegate.swift */ = {isa = PBXFileReference; lastKnownFileType = sourcecode.swift; path = SceneDelegate.swift; sourceTree = "<group>"; };
		76A66F0E281698C000712ED5 /* ConversationsViewController.swift */ = {isa = PBXFileReference; lastKnownFileType = sourcecode.swift; path = ConversationsViewController.swift; sourceTree = "<group>"; };
		76A66F11281698C000712ED5 /* Base */ = {isa = PBXFileReference; lastKnownFileType = file.storyboard; name = Base; path = Base.lproj/Main.storyboard; sourceTree = "<group>"; };
		76A66F13281698C100712ED5 /* Assets.xcassets */ = {isa = PBXFileReference; lastKnownFileType = folder.assetcatalog; path = Assets.xcassets; sourceTree = "<group>"; };
		76A66F16281698C100712ED5 /* Base */ = {isa = PBXFileReference; lastKnownFileType = file.storyboard; name = Base; path = Base.lproj/LaunchScreen.storyboard; sourceTree = "<group>"; };
		76A66F18281698C100712ED5 /* Info.plist */ = {isa = PBXFileReference; lastKnownFileType = text.plist.xml; path = Info.plist; sourceTree = "<group>"; };
		76A66F1D281698C200712ED5 /* ChatAppTests.xctest */ = {isa = PBXFileReference; explicitFileType = wrapper.cfbundle; includeInIndex = 0; path = ChatAppTests.xctest; sourceTree = BUILT_PRODUCTS_DIR; };
		76A66F21281698C200712ED5 /* ChatAppTests.swift */ = {isa = PBXFileReference; lastKnownFileType = sourcecode.swift; path = ChatAppTests.swift; sourceTree = "<group>"; };
		76A66F27281698C200712ED5 /* ChatAppUITests.xctest */ = {isa = PBXFileReference; explicitFileType = wrapper.cfbundle; includeInIndex = 0; path = ChatAppUITests.xctest; sourceTree = BUILT_PRODUCTS_DIR; };
		76A66F2B281698C200712ED5 /* ChatAppUITests.swift */ = {isa = PBXFileReference; lastKnownFileType = sourcecode.swift; path = ChatAppUITests.swift; sourceTree = "<group>"; };
		76A66F2D281698C200712ED5 /* ChatAppUITestsLaunchTests.swift */ = {isa = PBXFileReference; lastKnownFileType = sourcecode.swift; path = ChatAppUITestsLaunchTests.swift; sourceTree = "<group>"; };
		76A66F4028169F6700712ED5 /* LoginViewController.swift */ = {isa = PBXFileReference; lastKnownFileType = sourcecode.swift; path = LoginViewController.swift; sourceTree = "<group>"; };
		76A66F4228169F8000712ED5 /* RegisterViewController.swift */ = {isa = PBXFileReference; lastKnownFileType = sourcecode.swift; path = RegisterViewController.swift; sourceTree = "<group>"; };
		76A66F4428169FA000712ED5 /* PhotoViewerViewController.swift */ = {isa = PBXFileReference; lastKnownFileType = sourcecode.swift; path = PhotoViewerViewController.swift; sourceTree = "<group>"; };
		76A66F4628169FAB00712ED5 /* VideoPlayerViewController.swift */ = {isa = PBXFileReference; lastKnownFileType = sourcecode.swift; path = VideoPlayerViewController.swift; sourceTree = "<group>"; };
		76A66F4828169FD200712ED5 /* NewConversationViewController.swift */ = {isa = PBXFileReference; lastKnownFileType = sourcecode.swift; path = NewConversationViewController.swift; sourceTree = "<group>"; };
		76A66F4A28169FF100712ED5 /* ProfileViewController.swift */ = {isa = PBXFileReference; lastKnownFileType = sourcecode.swift; path = ProfileViewController.swift; sourceTree = "<group>"; };
		76A66F4D2816AACB00712ED5 /* Extensions.swift */ = {isa = PBXFileReference; lastKnownFileType = sourcecode.swift; path = Extensions.swift; sourceTree = "<group>"; };
		76A66F4F2816F13E00712ED5 /* GoogleService-Info.plist */ = {isa = PBXFileReference; fileEncoding = 4; lastKnownFileType = text.plist.xml; path = "GoogleService-Info.plist"; sourceTree = "<group>"; };
		8864A2F462514E1EF1F64DFE /* Pods-ChatApp-ChatAppUITests.release.xcconfig */ = {isa = PBXFileReference; includeInIndex = 1; lastKnownFileType = text.xcconfig; name = "Pods-ChatApp-ChatAppUITests.release.xcconfig"; path = "Target Support Files/Pods-ChatApp-ChatAppUITests/Pods-ChatApp-ChatAppUITests.release.xcconfig"; sourceTree = "<group>"; };
		8EABE3DC4375CA0C99B5F55A /* Pods_ChatAppTests.framework */ = {isa = PBXFileReference; explicitFileType = wrapper.framework; includeInIndex = 0; path = Pods_ChatAppTests.framework; sourceTree = BUILT_PRODUCTS_DIR; };
		D3D63B2B21874DB07D6B9880 /* Pods-ChatAppTests.debug.xcconfig */ = {isa = PBXFileReference; includeInIndex = 1; lastKnownFileType = text.xcconfig; name = "Pods-ChatAppTests.debug.xcconfig"; path = "Target Support Files/Pods-ChatAppTests/Pods-ChatAppTests.debug.xcconfig"; sourceTree = "<group>"; };
		E2EF5CAD818AD2CBE59EDAF3 /* Pods-ChatApp.release.xcconfig */ = {isa = PBXFileReference; includeInIndex = 1; lastKnownFileType = text.xcconfig; name = "Pods-ChatApp.release.xcconfig"; path = "Target Support Files/Pods-ChatApp/Pods-ChatApp.release.xcconfig"; sourceTree = "<group>"; };
		E664D283B1D7E66897DBB2D5 /* Pods_ChatApp_ChatAppUITests.framework */ = {isa = PBXFileReference; explicitFileType = wrapper.framework; includeInIndex = 0; path = Pods_ChatApp_ChatAppUITests.framework; sourceTree = BUILT_PRODUCTS_DIR; };
		FFA1A9BA9FBD7406F32D80E6 /* Pods-ChatApp-ChatAppUITests.debug.xcconfig */ = {isa = PBXFileReference; includeInIndex = 1; lastKnownFileType = text.xcconfig; name = "Pods-ChatApp-ChatAppUITests.debug.xcconfig"; path = "Target Support Files/Pods-ChatApp-ChatAppUITests/Pods-ChatApp-ChatAppUITests.debug.xcconfig"; sourceTree = "<group>"; };
/* End PBXFileReference section */

/* Begin PBXFrameworksBuildPhase section */
		76A66F04281698C000712ED5 /* Frameworks */ = {
			isa = PBXFrameworksBuildPhase;
			buildActionMask = 2147483647;
			files = (
				79C5226624FF9B26413E2BF5 /* Pods_ChatApp.framework in Frameworks */,
			);
			runOnlyForDeploymentPostprocessing = 0;
		};
		76A66F1A281698C200712ED5 /* Frameworks */ = {
			isa = PBXFrameworksBuildPhase;
			buildActionMask = 2147483647;
			files = (
				54CFBCF837F111E3B9512A73 /* Pods_ChatAppTests.framework in Frameworks */,
			);
			runOnlyForDeploymentPostprocessing = 0;
		};
		76A66F24281698C200712ED5 /* Frameworks */ = {
			isa = PBXFrameworksBuildPhase;
			buildActionMask = 2147483647;
			files = (
				D2A68B475EE6C7560AE00F30 /* Pods_ChatApp_ChatAppUITests.framework in Frameworks */,
			);
			runOnlyForDeploymentPostprocessing = 0;
		};
/* End PBXFrameworksBuildPhase section */

/* Begin PBXGroup section */
		74BBA1F1F938013A07CA331C /* Frameworks */ = {
			isa = PBXGroup;
			children = (
				6D9B62668D878700C0B6AC3C /* Pods_ChatApp.framework */,
				E664D283B1D7E66897DBB2D5 /* Pods_ChatApp_ChatAppUITests.framework */,
				8EABE3DC4375CA0C99B5F55A /* Pods_ChatAppTests.framework */,
			);
			name = Frameworks;
			sourceTree = "<group>";
		};
		76A66EFE281698C000712ED5 = {
			isa = PBXGroup;
			children = (
				76A66F09281698C000712ED5 /* ChatApp */,
				76A66F20281698C200712ED5 /* ChatAppTests */,
				76A66F2A281698C200712ED5 /* ChatAppUITests */,
				76A66F08281698C000712ED5 /* Products */,
				AE461552649BD477DF6DB07E /* Pods */,
				74BBA1F1F938013A07CA331C /* Frameworks */,
			);
			sourceTree = "<group>";
		};
		76A66F08281698C000712ED5 /* Products */ = {
			isa = PBXGroup;
			children = (
				76A66F07281698C000712ED5 /* ChatApp.app */,
				76A66F1D281698C200712ED5 /* ChatAppTests.xctest */,
				76A66F27281698C200712ED5 /* ChatAppUITests.xctest */,
			);
			name = Products;
			sourceTree = "<group>";
		};
		76A66F09281698C000712ED5 /* ChatApp */ = {
			isa = PBXGroup;
			children = (
				76A66F4F2816F13E00712ED5 /* GoogleService-Info.plist */,
				76A66F3E28169AA900712ED5 /* Resources */,
				76A66F3D28169AA300712ED5 /* ViewModels */,
				76A66F3C28169A9D00712ED5 /* Models */,
				76A66F3B28169A9700712ED5 /* Views */,
				76A66F3A28169A8B00712ED5 /* Controllers */,
				76A66F18281698C100712ED5 /* Info.plist */,
			);
			path = ChatApp;
			sourceTree = "<group>";
		};
		76A66F20281698C200712ED5 /* ChatAppTests */ = {
			isa = PBXGroup;
			children = (
				76A66F21281698C200712ED5 /* ChatAppTests.swift */,
			);
			path = ChatAppTests;
			sourceTree = "<group>";
		};
		76A66F2A281698C200712ED5 /* ChatAppUITests */ = {
			isa = PBXGroup;
			children = (
				76A66F2B281698C200712ED5 /* ChatAppUITests.swift */,
				76A66F2D281698C200712ED5 /* ChatAppUITestsLaunchTests.swift */,
			);
			path = ChatAppUITests;
			sourceTree = "<group>";
		};
		76A66F3A28169A8B00712ED5 /* Controllers */ = {
			isa = PBXGroup;
			children = (
				76A66F0E281698C000712ED5 /* ConversationsViewController.swift */,
				76A66F4C2816A4BD00712ED5 /* Login */,
				76A66F4428169FA000712ED5 /* PhotoViewerViewController.swift */,
				76A66F4628169FAB00712ED5 /* VideoPlayerViewController.swift */,
				76A66F4828169FD200712ED5 /* NewConversationViewController.swift */,
				76A66F4A28169FF100712ED5 /* ProfileViewController.swift */,
			);
			path = Controllers;
			sourceTree = "<group>";
		};
		76A66F3B28169A9700712ED5 /* Views */ = {
			isa = PBXGroup;
			children = (
				76A66F3F28169C7B00712ED5 /* Storyboards */,
				76A66F13281698C100712ED5 /* Assets.xcassets */,
			);
			path = Views;
			sourceTree = "<group>";
		};
		76A66F3C28169A9D00712ED5 /* Models */ = {
			isa = PBXGroup;
			children = (
			);
			path = Models;
			sourceTree = "<group>";
		};
		76A66F3D28169AA300712ED5 /* ViewModels */ = {
			isa = PBXGroup;
			children = (
			);
			path = ViewModels;
			sourceTree = "<group>";
		};
		76A66F3E28169AA900712ED5 /* Resources */ = {
			isa = PBXGroup;
			children = (
				76A66F0C281698C000712ED5 /* SceneDelegate.swift */,
				76A66F0A281698C000712ED5 /* AppDelegate.swift */,
				76A66F4D2816AACB00712ED5 /* Extensions.swift */,
			);
			path = Resources;
			sourceTree = "<group>";
		};
		76A66F3F28169C7B00712ED5 /* Storyboards */ = {
			isa = PBXGroup;
			children = (
				76A66F15281698C100712ED5 /* LaunchScreen.storyboard */,
				76A66F10281698C000712ED5 /* Main.storyboard */,
			);
			name = Storyboards;
			sourceTree = "<group>";
		};
		76A66F4C2816A4BD00712ED5 /* Login */ = {
			isa = PBXGroup;
			children = (
				76A66F4028169F6700712ED5 /* LoginViewController.swift */,
				76A66F4228169F8000712ED5 /* RegisterViewController.swift */,
			);
			path = Login;
			sourceTree = "<group>";
		};
		AE461552649BD477DF6DB07E /* Pods */ = {
			isa = PBXGroup;
			children = (
				753884A730DC96664D16D042 /* Pods-ChatApp.debug.xcconfig */,
				E2EF5CAD818AD2CBE59EDAF3 /* Pods-ChatApp.release.xcconfig */,
				FFA1A9BA9FBD7406F32D80E6 /* Pods-ChatApp-ChatAppUITests.debug.xcconfig */,
				8864A2F462514E1EF1F64DFE /* Pods-ChatApp-ChatAppUITests.release.xcconfig */,
				D3D63B2B21874DB07D6B9880 /* Pods-ChatAppTests.debug.xcconfig */,
				750DFC323EA476CACE51B66D /* Pods-ChatAppTests.release.xcconfig */,
			);
			path = Pods;
			sourceTree = "<group>";
		};
/* End PBXGroup section */

/* Begin PBXNativeTarget section */
		76A66F06281698C000712ED5 /* ChatApp */ = {
			isa = PBXNativeTarget;
			buildConfigurationList = 76A66F31281698C200712ED5 /* Build configuration list for PBXNativeTarget "ChatApp" */;
			buildPhases = (
				2444F77F0B005334D273826D /* [CP] Check Pods Manifest.lock */,
				76A66F03281698C000712ED5 /* Sources */,
				76A66F04281698C000712ED5 /* Frameworks */,
				76A66F05281698C000712ED5 /* Resources */,
				A9B5B012778E0E70773B6416 /* [CP] Embed Pods Frameworks */,
			);
			buildRules = (
			);
			dependencies = (
			);
			name = ChatApp;
			productName = ChatApp;
			productReference = 76A66F07281698C000712ED5 /* ChatApp.app */;
			productType = "com.apple.product-type.application";
		};
		76A66F1C281698C200712ED5 /* ChatAppTests */ = {
			isa = PBXNativeTarget;
			buildConfigurationList = 76A66F34281698C200712ED5 /* Build configuration list for PBXNativeTarget "ChatAppTests" */;
			buildPhases = (
				5FE694C3BF6F32BDAA71A3F3 /* [CP] Check Pods Manifest.lock */,
				76A66F19281698C200712ED5 /* Sources */,
				76A66F1A281698C200712ED5 /* Frameworks */,
				76A66F1B281698C200712ED5 /* Resources */,
			);
			buildRules = (
			);
			dependencies = (
				76A66F1F281698C200712ED5 /* PBXTargetDependency */,
			);
			name = ChatAppTests;
			productName = ChatAppTests;
			productReference = 76A66F1D281698C200712ED5 /* ChatAppTests.xctest */;
			productType = "com.apple.product-type.bundle.unit-test";
		};
		76A66F26281698C200712ED5 /* ChatAppUITests */ = {
			isa = PBXNativeTarget;
			buildConfigurationList = 76A66F37281698C200712ED5 /* Build configuration list for PBXNativeTarget "ChatAppUITests" */;
			buildPhases = (
				44B49F45AC9243841A4AF6DA /* [CP] Check Pods Manifest.lock */,
				76A66F23281698C200712ED5 /* Sources */,
				76A66F24281698C200712ED5 /* Frameworks */,
				76A66F25281698C200712ED5 /* Resources */,
				D4FBA30E53507A8A633ED749 /* [CP] Embed Pods Frameworks */,
			);
			buildRules = (
			);
			dependencies = (
				76A66F29281698C200712ED5 /* PBXTargetDependency */,
			);
			name = ChatAppUITests;
			productName = ChatAppUITests;
			productReference = 76A66F27281698C200712ED5 /* ChatAppUITests.xctest */;
			productType = "com.apple.product-type.bundle.ui-testing";
		};
/* End PBXNativeTarget section */

/* Begin PBXProject section */
		76A66EFF281698C000712ED5 /* Project object */ = {
			isa = PBXProject;
			attributes = {
				BuildIndependentTargetsInParallel = 1;
				LastSwiftUpdateCheck = 1330;
				LastUpgradeCheck = 1330;
				TargetAttributes = {
					76A66F06281698C000712ED5 = {
						CreatedOnToolsVersion = 13.3.1;
					};
					76A66F1C281698C200712ED5 = {
						CreatedOnToolsVersion = 13.3.1;
						TestTargetID = 76A66F06281698C000712ED5;
					};
					76A66F26281698C200712ED5 = {
						CreatedOnToolsVersion = 13.3.1;
						TestTargetID = 76A66F06281698C000712ED5;
					};
				};
			};
			buildConfigurationList = 76A66F02281698C000712ED5 /* Build configuration list for PBXProject "ChatApp" */;
			compatibilityVersion = "Xcode 13.0";
			developmentRegion = en;
			hasScannedForEncodings = 0;
			knownRegions = (
				en,
				Base,
			);
			mainGroup = 76A66EFE281698C000712ED5;
			productRefGroup = 76A66F08281698C000712ED5 /* Products */;
			projectDirPath = "";
			projectRoot = "";
			targets = (
				76A66F06281698C000712ED5 /* ChatApp */,
				76A66F1C281698C200712ED5 /* ChatAppTests */,
				76A66F26281698C200712ED5 /* ChatAppUITests */,
			);
		};
/* End PBXProject section */

/* Begin PBXResourcesBuildPhase section */
		76A66F05281698C000712ED5 /* Resources */ = {
			isa = PBXResourcesBuildPhase;
			buildActionMask = 2147483647;
			files = (
				76A66F17281698C100712ED5 /* LaunchScreen.storyboard in Resources */,
				76A66F502816F13E00712ED5 /* GoogleService-Info.plist in Resources */,
				76A66F14281698C100712ED5 /* Assets.xcassets in Resources */,
				76A66F12281698C000712ED5 /* Main.storyboard in Resources */,
			);
			runOnlyForDeploymentPostprocessing = 0;
		};
		76A66F1B281698C200712ED5 /* Resources */ = {
			isa = PBXResourcesBuildPhase;
			buildActionMask = 2147483647;
			files = (
			);
			runOnlyForDeploymentPostprocessing = 0;
		};
		76A66F25281698C200712ED5 /* Resources */ = {
			isa = PBXResourcesBuildPhase;
			buildActionMask = 2147483647;
			files = (
			);
			runOnlyForDeploymentPostprocessing = 0;
		};
/* End PBXResourcesBuildPhase section */

/* Begin PBXShellScriptBuildPhase section */
		2444F77F0B005334D273826D /* [CP] Check Pods Manifest.lock */ = {
			isa = PBXShellScriptBuildPhase;
			buildActionMask = 2147483647;
			files = (
			);
			inputFileListPaths = (
			);
			inputPaths = (
				"${PODS_PODFILE_DIR_PATH}/Podfile.lock",
				"${PODS_ROOT}/Manifest.lock",
			);
			name = "[CP] Check Pods Manifest.lock";
			outputFileListPaths = (
			);
			outputPaths = (
				"$(DERIVED_FILE_DIR)/Pods-ChatApp-checkManifestLockResult.txt",
			);
			runOnlyForDeploymentPostprocessing = 0;
			shellPath = /bin/sh;
			shellScript = "diff \"${PODS_PODFILE_DIR_PATH}/Podfile.lock\" \"${PODS_ROOT}/Manifest.lock\" > /dev/null\nif [ $? != 0 ] ; then\n    # print error to STDERR\n    echo \"error: The sandbox is not in sync with the Podfile.lock. Run 'pod install' or update your CocoaPods installation.\" >&2\n    exit 1\nfi\n# This output is used by Xcode 'outputs' to avoid re-running this script phase.\necho \"SUCCESS\" > \"${SCRIPT_OUTPUT_FILE_0}\"\n";
			showEnvVarsInLog = 0;
		};
		44B49F45AC9243841A4AF6DA /* [CP] Check Pods Manifest.lock */ = {
			isa = PBXShellScriptBuildPhase;
			buildActionMask = 2147483647;
			files = (
			);
			inputFileListPaths = (
			);
			inputPaths = (
				"${PODS_PODFILE_DIR_PATH}/Podfile.lock",
				"${PODS_ROOT}/Manifest.lock",
			);
			name = "[CP] Check Pods Manifest.lock";
			outputFileListPaths = (
			);
			outputPaths = (
				"$(DERIVED_FILE_DIR)/Pods-ChatApp-ChatAppUITests-checkManifestLockResult.txt",
			);
			runOnlyForDeploymentPostprocessing = 0;
			shellPath = /bin/sh;
			shellScript = "diff \"${PODS_PODFILE_DIR_PATH}/Podfile.lock\" \"${PODS_ROOT}/Manifest.lock\" > /dev/null\nif [ $? != 0 ] ; then\n    # print error to STDERR\n    echo \"error: The sandbox is not in sync with the Podfile.lock. Run 'pod install' or update your CocoaPods installation.\" >&2\n    exit 1\nfi\n# This output is used by Xcode 'outputs' to avoid re-running this script phase.\necho \"SUCCESS\" > \"${SCRIPT_OUTPUT_FILE_0}\"\n";
			showEnvVarsInLog = 0;
		};
		5FE694C3BF6F32BDAA71A3F3 /* [CP] Check Pods Manifest.lock */ = {
			isa = PBXShellScriptBuildPhase;
			buildActionMask = 2147483647;
			files = (
			);
			inputFileListPaths = (
			);
			inputPaths = (
				"${PODS_PODFILE_DIR_PATH}/Podfile.lock",
				"${PODS_ROOT}/Manifest.lock",
			);
			name = "[CP] Check Pods Manifest.lock";
			outputFileListPaths = (
			);
			outputPaths = (
				"$(DERIVED_FILE_DIR)/Pods-ChatAppTests-checkManifestLockResult.txt",
			);
			runOnlyForDeploymentPostprocessing = 0;
			shellPath = /bin/sh;
			shellScript = "diff \"${PODS_PODFILE_DIR_PATH}/Podfile.lock\" \"${PODS_ROOT}/Manifest.lock\" > /dev/null\nif [ $? != 0 ] ; then\n    # print error to STDERR\n    echo \"error: The sandbox is not in sync with the Podfile.lock. Run 'pod install' or update your CocoaPods installation.\" >&2\n    exit 1\nfi\n# This output is used by Xcode 'outputs' to avoid re-running this script phase.\necho \"SUCCESS\" > \"${SCRIPT_OUTPUT_FILE_0}\"\n";
			showEnvVarsInLog = 0;
		};
		A9B5B012778E0E70773B6416 /* [CP] Embed Pods Frameworks */ = {
			isa = PBXShellScriptBuildPhase;
			buildActionMask = 2147483647;
			files = (
			);
			inputFileListPaths = (
				"${PODS_ROOT}/Target Support Files/Pods-ChatApp/Pods-ChatApp-frameworks-${CONFIGURATION}-input-files.xcfilelist",
			);
			name = "[CP] Embed Pods Frameworks";
			outputFileListPaths = (
				"${PODS_ROOT}/Target Support Files/Pods-ChatApp/Pods-ChatApp-frameworks-${CONFIGURATION}-output-files.xcfilelist",
			);
			runOnlyForDeploymentPostprocessing = 0;
			shellPath = /bin/sh;
			shellScript = "\"${PODS_ROOT}/Target Support Files/Pods-ChatApp/Pods-ChatApp-frameworks.sh\"\n";
			showEnvVarsInLog = 0;
		};
		D4FBA30E53507A8A633ED749 /* [CP] Embed Pods Frameworks */ = {
			isa = PBXShellScriptBuildPhase;
			buildActionMask = 2147483647;
			files = (
			);
			inputFileListPaths = (
				"${PODS_ROOT}/Target Support Files/Pods-ChatApp-ChatAppUITests/Pods-ChatApp-ChatAppUITests-frameworks-${CONFIGURATION}-input-files.xcfilelist",
			);
			name = "[CP] Embed Pods Frameworks";
			outputFileListPaths = (
				"${PODS_ROOT}/Target Support Files/Pods-ChatApp-ChatAppUITests/Pods-ChatApp-ChatAppUITests-frameworks-${CONFIGURATION}-output-files.xcfilelist",
			);
			runOnlyForDeploymentPostprocessing = 0;
			shellPath = /bin/sh;
			shellScript = "\"${PODS_ROOT}/Target Support Files/Pods-ChatApp-ChatAppUITests/Pods-ChatApp-ChatAppUITests-frameworks.sh\"\n";
			showEnvVarsInLog = 0;
		};
/* End PBXShellScriptBuildPhase section */

/* Begin PBXSourcesBuildPhase section */
		76A66F03281698C000712ED5 /* Sources */ = {
			isa = PBXSourcesBuildPhase;
			buildActionMask = 2147483647;
			files = (
				76A66F4128169F6700712ED5 /* LoginViewController.swift in Sources */,
				76A66F4328169F8000712ED5 /* RegisterViewController.swift in Sources */,
				76A66F4928169FD200712ED5 /* NewConversationViewController.swift in Sources */,
				76A66F0F281698C000712ED5 /* ConversationsViewController.swift in Sources */,
				76A66F4728169FAB00712ED5 /* VideoPlayerViewController.swift in Sources */,
				76A66F4E2816AACB00712ED5 /* Extensions.swift in Sources */,
				76A66F0B281698C000712ED5 /* AppDelegate.swift in Sources */,
				76A66F4B28169FF100712ED5 /* ProfileViewController.swift in Sources */,
				76A66F0D281698C000712ED5 /* SceneDelegate.swift in Sources */,
				76A66F4528169FA000712ED5 /* PhotoViewerViewController.swift in Sources */,
			);
			runOnlyForDeploymentPostprocessing = 0;
		};
		76A66F19281698C200712ED5 /* Sources */ = {
			isa = PBXSourcesBuildPhase;
			buildActionMask = 2147483647;
			files = (
				76A66F22281698C200712ED5 /* ChatAppTests.swift in Sources */,
			);
			runOnlyForDeploymentPostprocessing = 0;
		};
		76A66F23281698C200712ED5 /* Sources */ = {
			isa = PBXSourcesBuildPhase;
			buildActionMask = 2147483647;
			files = (
				76A66F2E281698C200712ED5 /* ChatAppUITestsLaunchTests.swift in Sources */,
				76A66F2C281698C200712ED5 /* ChatAppUITests.swift in Sources */,
			);
			runOnlyForDeploymentPostprocessing = 0;
		};
/* End PBXSourcesBuildPhase section */

/* Begin PBXTargetDependency section */
		76A66F1F281698C200712ED5 /* PBXTargetDependency */ = {
			isa = PBXTargetDependency;
			target = 76A66F06281698C000712ED5 /* ChatApp */;
			targetProxy = 76A66F1E281698C200712ED5 /* PBXContainerItemProxy */;
		};
		76A66F29281698C200712ED5 /* PBXTargetDependency */ = {
			isa = PBXTargetDependency;
			target = 76A66F06281698C000712ED5 /* ChatApp */;
			targetProxy = 76A66F28281698C200712ED5 /* PBXContainerItemProxy */;
		};
/* End PBXTargetDependency section */

/* Begin PBXVariantGroup section */
		76A66F10281698C000712ED5 /* Main.storyboard */ = {
			isa = PBXVariantGroup;
			children = (
				76A66F11281698C000712ED5 /* Base */,
			);
			name = Main.storyboard;
			sourceTree = "<group>";
		};
		76A66F15281698C100712ED5 /* LaunchScreen.storyboard */ = {
			isa = PBXVariantGroup;
			children = (
				76A66F16281698C100712ED5 /* Base */,
			);
			name = LaunchScreen.storyboard;
			sourceTree = "<group>";
		};
/* End PBXVariantGroup section */

/* Begin XCBuildConfiguration section */
		76A66F2F281698C200712ED5 /* Debug */ = {
			isa = XCBuildConfiguration;
			buildSettings = {
				ALWAYS_SEARCH_USER_PATHS = NO;
				CLANG_ANALYZER_NONNULL = YES;
				CLANG_ANALYZER_NUMBER_OBJECT_CONVERSION = YES_AGGRESSIVE;
				CLANG_CXX_LANGUAGE_STANDARD = "gnu++17";
				CLANG_ENABLE_MODULES = YES;
				CLANG_ENABLE_OBJC_ARC = YES;
				CLANG_ENABLE_OBJC_WEAK = YES;
				CLANG_WARN_BLOCK_CAPTURE_AUTORELEASING = YES;
				CLANG_WARN_BOOL_CONVERSION = YES;
				CLANG_WARN_COMMA = YES;
				CLANG_WARN_CONSTANT_CONVERSION = YES;
				CLANG_WARN_DEPRECATED_OBJC_IMPLEMENTATIONS = YES;
				CLANG_WARN_DIRECT_OBJC_ISA_USAGE = YES_ERROR;
				CLANG_WARN_DOCUMENTATION_COMMENTS = YES;
				CLANG_WARN_EMPTY_BODY = YES;
				CLANG_WARN_ENUM_CONVERSION = YES;
				CLANG_WARN_INFINITE_RECURSION = YES;
				CLANG_WARN_INT_CONVERSION = YES;
				CLANG_WARN_NON_LITERAL_NULL_CONVERSION = YES;
				CLANG_WARN_OBJC_IMPLICIT_RETAIN_SELF = YES;
				CLANG_WARN_OBJC_LITERAL_CONVERSION = YES;
				CLANG_WARN_OBJC_ROOT_CLASS = YES_ERROR;
				CLANG_WARN_QUOTED_INCLUDE_IN_FRAMEWORK_HEADER = YES;
				CLANG_WARN_RANGE_LOOP_ANALYSIS = YES;
				CLANG_WARN_STRICT_PROTOTYPES = YES;
				CLANG_WARN_SUSPICIOUS_MOVE = YES;
				CLANG_WARN_UNGUARDED_AVAILABILITY = YES_AGGRESSIVE;
				CLANG_WARN_UNREACHABLE_CODE = YES;
				CLANG_WARN__DUPLICATE_METHOD_MATCH = YES;
				COPY_PHASE_STRIP = NO;
				DEBUG_INFORMATION_FORMAT = dwarf;
				ENABLE_STRICT_OBJC_MSGSEND = YES;
				ENABLE_TESTABILITY = YES;
				GCC_C_LANGUAGE_STANDARD = gnu11;
				GCC_DYNAMIC_NO_PIC = NO;
				GCC_NO_COMMON_BLOCKS = YES;
				GCC_OPTIMIZATION_LEVEL = 0;
				GCC_PREPROCESSOR_DEFINITIONS = (
					"DEBUG=1",
					"$(inherited)",
				);
				GCC_WARN_64_TO_32_BIT_CONVERSION = YES;
				GCC_WARN_ABOUT_RETURN_TYPE = YES_ERROR;
				GCC_WARN_UNDECLARED_SELECTOR = YES;
				GCC_WARN_UNINITIALIZED_AUTOS = YES_AGGRESSIVE;
				GCC_WARN_UNUSED_FUNCTION = YES;
				GCC_WARN_UNUSED_VARIABLE = YES;
				IPHONEOS_DEPLOYMENT_TARGET = 15.4;
				MTL_ENABLE_DEBUG_INFO = INCLUDE_SOURCE;
				MTL_FAST_MATH = YES;
				ONLY_ACTIVE_ARCH = YES;
				SDKROOT = iphoneos;
				SWIFT_ACTIVE_COMPILATION_CONDITIONS = DEBUG;
				SWIFT_OPTIMIZATION_LEVEL = "-Onone";
			};
			name = Debug;
		};
		76A66F30281698C200712ED5 /* Release */ = {
			isa = XCBuildConfiguration;
			buildSettings = {
				ALWAYS_SEARCH_USER_PATHS = NO;
				CLANG_ANALYZER_NONNULL = YES;
				CLANG_ANALYZER_NUMBER_OBJECT_CONVERSION = YES_AGGRESSIVE;
				CLANG_CXX_LANGUAGE_STANDARD = "gnu++17";
				CLANG_ENABLE_MODULES = YES;
				CLANG_ENABLE_OBJC_ARC = YES;
				CLANG_ENABLE_OBJC_WEAK = YES;
				CLANG_WARN_BLOCK_CAPTURE_AUTORELEASING = YES;
				CLANG_WARN_BOOL_CONVERSION = YES;
				CLANG_WARN_COMMA = YES;
				CLANG_WARN_CONSTANT_CONVERSION = YES;
				CLANG_WARN_DEPRECATED_OBJC_IMPLEMENTATIONS = YES;
				CLANG_WARN_DIRECT_OBJC_ISA_USAGE = YES_ERROR;
				CLANG_WARN_DOCUMENTATION_COMMENTS = YES;
				CLANG_WARN_EMPTY_BODY = YES;
				CLANG_WARN_ENUM_CONVERSION = YES;
				CLANG_WARN_INFINITE_RECURSION = YES;
				CLANG_WARN_INT_CONVERSION = YES;
				CLANG_WARN_NON_LITERAL_NULL_CONVERSION = YES;
				CLANG_WARN_OBJC_IMPLICIT_RETAIN_SELF = YES;
				CLANG_WARN_OBJC_LITERAL_CONVERSION = YES;
				CLANG_WARN_OBJC_ROOT_CLASS = YES_ERROR;
				CLANG_WARN_QUOTED_INCLUDE_IN_FRAMEWORK_HEADER = YES;
				CLANG_WARN_RANGE_LOOP_ANALYSIS = YES;
				CLANG_WARN_STRICT_PROTOTYPES = YES;
				CLANG_WARN_SUSPICIOUS_MOVE = YES;
				CLANG_WARN_UNGUARDED_AVAILABILITY = YES_AGGRESSIVE;
				CLANG_WARN_UNREACHABLE_CODE = YES;
				CLANG_WARN__DUPLICATE_METHOD_MATCH = YES;
				COPY_PHASE_STRIP = NO;
				DEBUG_INFORMATION_FORMAT = "dwarf-with-dsym";
				ENABLE_NS_ASSERTIONS = NO;
				ENABLE_STRICT_OBJC_MSGSEND = YES;
				GCC_C_LANGUAGE_STANDARD = gnu11;
				GCC_NO_COMMON_BLOCKS = YES;
				GCC_WARN_64_TO_32_BIT_CONVERSION = YES;
				GCC_WARN_ABOUT_RETURN_TYPE = YES_ERROR;
				GCC_WARN_UNDECLARED_SELECTOR = YES;
				GCC_WARN_UNINITIALIZED_AUTOS = YES_AGGRESSIVE;
				GCC_WARN_UNUSED_FUNCTION = YES;
				GCC_WARN_UNUSED_VARIABLE = YES;
				IPHONEOS_DEPLOYMENT_TARGET = 15.4;
				MTL_ENABLE_DEBUG_INFO = NO;
				MTL_FAST_MATH = YES;
				SDKROOT = iphoneos;
				SWIFT_COMPILATION_MODE = wholemodule;
				SWIFT_OPTIMIZATION_LEVEL = "-O";
				VALIDATE_PRODUCT = YES;
			};
			name = Release;
		};
		76A66F32281698C200712ED5 /* Debug */ = {
			isa = XCBuildConfiguration;
			baseConfigurationReference = 753884A730DC96664D16D042 /* Pods-ChatApp.debug.xcconfig */;
			buildSettings = {
				ASSETCATALOG_COMPILER_APPICON_NAME = AppIcon;
				ASSETCATALOG_COMPILER_GLOBAL_ACCENT_COLOR_NAME = AccentColor;
				CODE_SIGN_IDENTITY = "Apple Development";
				CODE_SIGN_STYLE = Automatic;
				CURRENT_PROJECT_VERSION = 1;
				DEVELOPMENT_TEAM = G8H8Q8RRYL;
				GENERATE_INFOPLIST_FILE = YES;
				INFOPLIST_FILE = ChatApp/Info.plist;
				INFOPLIST_KEY_UIApplicationSupportsIndirectInputEvents = YES;
				INFOPLIST_KEY_UILaunchStoryboardName = LaunchScreen;
				INFOPLIST_KEY_UIMainStoryboardFile = Main;
				INFOPLIST_KEY_UISupportedInterfaceOrientations = UIInterfaceOrientationPortrait;
				INFOPLIST_KEY_UISupportedInterfaceOrientations_iPad = "UIInterfaceOrientationPortrait UIInterfaceOrientationPortraitUpsideDown";
				INFOPLIST_KEY_UISupportedInterfaceOrientations_iPhone = "UIInterfaceOrientationPortrait UIInterfaceOrientationLandscapeLeft UIInterfaceOrientationLandscapeRight";
				IPHONEOS_DEPLOYMENT_TARGET = 13.5;
				LD_RUNPATH_SEARCH_PATHS = (
					"$(inherited)",
					"@executable_path/Frameworks",
				);
				MARKETING_VERSION = 1.0;
				PRODUCT_BUNDLE_IDENTIFIER = AnaMares353.ChatApp;
				PRODUCT_NAME = "$(TARGET_NAME)";
				PROVISIONING_PROFILE_SPECIFIER = "";
				SWIFT_EMIT_LOC_STRINGS = YES;
				SWIFT_VERSION = 5.0;
				TARGETED_DEVICE_FAMILY = "1,2";
			};
			name = Debug;
		};
		76A66F33281698C200712ED5 /* Release */ = {
			isa = XCBuildConfiguration;
			baseConfigurationReference = E2EF5CAD818AD2CBE59EDAF3 /* Pods-ChatApp.release.xcconfig */;
			buildSettings = {
				ASSETCATALOG_COMPILER_APPICON_NAME = AppIcon;
				ASSETCATALOG_COMPILER_GLOBAL_ACCENT_COLOR_NAME = AccentColor;
				CODE_SIGN_IDENTITY = "Apple Development";
				CODE_SIGN_STYLE = Automatic;
				CURRENT_PROJECT_VERSION = 1;
				DEVELOPMENT_TEAM = G8H8Q8RRYL;
				GENERATE_INFOPLIST_FILE = YES;
				INFOPLIST_FILE = ChatApp/Info.plist;
				INFOPLIST_KEY_UIApplicationSupportsIndirectInputEvents = YES;
				INFOPLIST_KEY_UILaunchStoryboardName = LaunchScreen;
				INFOPLIST_KEY_UIMainStoryboardFile = Main;
				INFOPLIST_KEY_UISupportedInterfaceOrientations = UIInterfaceOrientationPortrait;
				INFOPLIST_KEY_UISupportedInterfaceOrientations_iPad = "UIInterfaceOrientationPortrait UIInterfaceOrientationPortraitUpsideDown";
				INFOPLIST_KEY_UISupportedInterfaceOrientations_iPhone = "UIInterfaceOrientationPortrait UIInterfaceOrientationLandscapeLeft UIInterfaceOrientationLandscapeRight";
				IPHONEOS_DEPLOYMENT_TARGET = 13.5;
				LD_RUNPATH_SEARCH_PATHS = (
					"$(inherited)",
					"@executable_path/Frameworks",
				);
				MARKETING_VERSION = 1.0;
				PRODUCT_BUNDLE_IDENTIFIER = AnaMares353.ChatApp;
				PRODUCT_NAME = "$(TARGET_NAME)";
				PROVISIONING_PROFILE_SPECIFIER = "";
				SWIFT_EMIT_LOC_STRINGS = YES;
				SWIFT_VERSION = 5.0;
				TARGETED_DEVICE_FAMILY = "1,2";
			};
			name = Release;
		};
		76A66F35281698C200712ED5 /* Debug */ = {
			isa = XCBuildConfiguration;
			baseConfigurationReference = D3D63B2B21874DB07D6B9880 /* Pods-ChatAppTests.debug.xcconfig */;
			buildSettings = {
				ALWAYS_EMBED_SWIFT_STANDARD_LIBRARIES = YES;
				BUNDLE_LOADER = "$(TEST_HOST)";
				CODE_SIGN_STYLE = Automatic;
				CURRENT_PROJECT_VERSION = 1;
				GENERATE_INFOPLIST_FILE = YES;
				IPHONEOS_DEPLOYMENT_TARGET = 15.4;
				MARKETING_VERSION = 1.0;
				PRODUCT_BUNDLE_IDENTIFIER = AnaMares353.ChatAppTests;
				PRODUCT_NAME = "$(TARGET_NAME)";
				SWIFT_EMIT_LOC_STRINGS = NO;
				SWIFT_VERSION = 5.0;
				TARGETED_DEVICE_FAMILY = "1,2";
				TEST_HOST = "$(BUILT_PRODUCTS_DIR)/ChatApp.app/ChatApp";
			};
			name = Debug;
		};
		76A66F36281698C200712ED5 /* Release */ = {
			isa = XCBuildConfiguration;
			baseConfigurationReference = 750DFC323EA476CACE51B66D /* Pods-ChatAppTests.release.xcconfig */;
			buildSettings = {
				ALWAYS_EMBED_SWIFT_STANDARD_LIBRARIES = YES;
				BUNDLE_LOADER = "$(TEST_HOST)";
				CODE_SIGN_STYLE = Automatic;
				CURRENT_PROJECT_VERSION = 1;
				GENERATE_INFOPLIST_FILE = YES;
				IPHONEOS_DEPLOYMENT_TARGET = 15.4;
				MARKETING_VERSION = 1.0;
				PRODUCT_BUNDLE_IDENTIFIER = AnaMares353.ChatAppTests;
				PRODUCT_NAME = "$(TARGET_NAME)";
				SWIFT_EMIT_LOC_STRINGS = NO;
				SWIFT_VERSION = 5.0;
				TARGETED_DEVICE_FAMILY = "1,2";
				TEST_HOST = "$(BUILT_PRODUCTS_DIR)/ChatApp.app/ChatApp";
			};
			name = Release;
		};
		76A66F38281698C200712ED5 /* Debug */ = {
			isa = XCBuildConfiguration;
			baseConfigurationReference = FFA1A9BA9FBD7406F32D80E6 /* Pods-ChatApp-ChatAppUITests.debug.xcconfig */;
			buildSettings = {
				ALWAYS_EMBED_SWIFT_STANDARD_LIBRARIES = YES;
				CODE_SIGN_STYLE = Automatic;
				CURRENT_PROJECT_VERSION = 1;
				GENERATE_INFOPLIST_FILE = YES;
				MARKETING_VERSION = 1.0;
				PRODUCT_BUNDLE_IDENTIFIER = AnaMares353.ChatAppUITests;
				PRODUCT_NAME = "$(TARGET_NAME)";
				SWIFT_EMIT_LOC_STRINGS = NO;
				SWIFT_VERSION = 5.0;
				TARGETED_DEVICE_FAMILY = "1,2";
				TEST_TARGET_NAME = ChatApp;
			};
			name = Debug;
		};
		76A66F39281698C200712ED5 /* Release */ = {
			isa = XCBuildConfiguration;
			baseConfigurationReference = 8864A2F462514E1EF1F64DFE /* Pods-ChatApp-ChatAppUITests.release.xcconfig */;
			buildSettings = {
				ALWAYS_EMBED_SWIFT_STANDARD_LIBRARIES = YES;
				CODE_SIGN_STYLE = Automatic;
				CURRENT_PROJECT_VERSION = 1;
				GENERATE_INFOPLIST_FILE = YES;
				MARKETING_VERSION = 1.0;
				PRODUCT_BUNDLE_IDENTIFIER = AnaMares353.ChatAppUITests;
				PRODUCT_NAME = "$(TARGET_NAME)";
				SWIFT_EMIT_LOC_STRINGS = NO;
				SWIFT_VERSION = 5.0;
				TARGETED_DEVICE_FAMILY = "1,2";
				TEST_TARGET_NAME = ChatApp;
			};
			name = Release;
		};
/* End XCBuildConfiguration section */

/* Begin XCConfigurationList section */
		76A66F02281698C000712ED5 /* Build configuration list for PBXProject "ChatApp" */ = {
			isa = XCConfigurationList;
			buildConfigurations = (
				76A66F2F281698C200712ED5 /* Debug */,
				76A66F30281698C200712ED5 /* Release */,
			);
			defaultConfigurationIsVisible = 0;
			defaultConfigurationName = Release;
		};
		76A66F31281698C200712ED5 /* Build configuration list for PBXNativeTarget "ChatApp" */ = {
			isa = XCConfigurationList;
			buildConfigurations = (
				76A66F32281698C200712ED5 /* Debug */,
				76A66F33281698C200712ED5 /* Release */,
			);
			defaultConfigurationIsVisible = 0;
			defaultConfigurationName = Release;
		};
		76A66F34281698C200712ED5 /* Build configuration list for PBXNativeTarget "ChatAppTests" */ = {
			isa = XCConfigurationList;
			buildConfigurations = (
				76A66F35281698C200712ED5 /* Debug */,
				76A66F36281698C200712ED5 /* Release */,
			);
			defaultConfigurationIsVisible = 0;
			defaultConfigurationName = Release;
		};
		76A66F37281698C200712ED5 /* Build configuration list for PBXNativeTarget "ChatAppUITests" */ = {
			isa = XCConfigurationList;
			buildConfigurations = (
				76A66F38281698C200712ED5 /* Debug */,
				76A66F39281698C200712ED5 /* Release */,
			);
			defaultConfigurationIsVisible = 0;
			defaultConfigurationName = Release;
		};
/* End XCConfigurationList section */
	};
	rootObject = 76A66EFF281698C000712ED5 /* Project object */;
}
